
Microsoft Visual Studio Solution File, Format Version 12.00
# Visual Studio Version 16
VisualStudioVersion = 16.0.32929.386
MinimumVisualStudioVersion = 10.0.40219.1
Project("{FAE04EC0-301F-11D3-BF4B-00C04F79EFBC}") = "BackendFinal", "BackendFinal\BackendFinal.csproj", "{37D9CD1A-6E2F-49F5-AC4B-0A0E20935F01}"
EndProject
Global
	GlobalSection(SolutionConfigurationPlatforms) = preSolution
		Debug|Any CPU = Debug|Any CPU
		Release|Any CPU = Release|Any CPU
	EndGlobalSection
	GlobalSection(ProjectConfigurationPlatforms) = postSolution
		{37D9CD1A-6E2F-49F5-AC4B-0A0E20935F01}.Debug|Any CPU.ActiveCfg = Debug|Any CPU
		{37D9CD1A-6E2F-49F5-AC4B-0A0E20935F01}.Debug|Any CPU.Build.0 = Debug|Any CPU
		{37D9CD1A-6E2F-49F5-AC4B-0A0E20935F01}.Release|Any CPU.ActiveCfg = Release|Any CPU
		{37D9CD1A-6E2F-49F5-AC4B-0A0E20935F01}.Release|Any CPU.Build.0 = Release|Any CPU
	EndGlobalSection
	GlobalSection(SolutionProperties) = preSolution
		HideSolutionNode = FALSE
	EndGlobalSection
	GlobalSection(ExtensibilityGlobals) = postSolution
		SolutionGuid = {DF3D11B7-B529-4925-8AE6-0B0CE7A9A486}
	EndGlobalSection
EndGlobal
